{
  "version": "5",
  "specifiers": {
    "jsr:@std/dotenv@~0.225.3": "0.225.6"
  },
  "jsr": {
    "@std/dotenv@0.225.6": {
      "integrity": "1d6f9db72f565bd26790fa034c26e45ecb260b5245417be76c2279e5734c421b"
    }
  },
  "workspace": {
    "dependencies": [
      "jsr:@std/dotenv@~0.225.3"
    ]
  }
}
